
Microsoft Visual Studio Solution File, Format Version 12.00
# Visual Studio Version 17
VisualStudioVersion = 17.4.33205.214
MinimumVisualStudioVersion = 10.0.40219.1
Project("{FAE04EC0-301F-11D3-BF4B-00C04F79EFBC}") = "EducationToStudent", "EducationToStudent\EducationToStudent.csproj", "{69C4A888-AD63-49AC-9E81-535E9E317BA4}"
EndProject
Global
	GlobalSection(SolutionConfigurationPlatforms) = preSolution
		Debug|Any CPU = Debug|Any CPU
		Release|Any CPU = Release|Any CPU
	EndGlobalSection
	GlobalSection(ProjectConfigurationPlatforms) = postSolution
		{69C4A888-AD63-49AC-9E81-535E9E317BA4}.Debug|Any CPU.ActiveCfg = Debug|Any CPU
		{69C4A888-AD63-49AC-9E81-535E9E317BA4}.Debug|Any CPU.Build.0 = Debug|Any CPU
		{69C4A888-AD63-49AC-9E81-535E9E317BA4}.Release|Any CPU.ActiveCfg = Release|Any CPU
		{69C4A888-AD63-49AC-9E81-535E9E317BA4}.Release|Any CPU.Build.0 = Release|Any CPU
	EndGlobalSection
	GlobalSection(SolutionProperties) = preSolution
		HideSolutionNode = FALSE
	EndGlobalSection
	GlobalSection(ExtensibilityGlobals) = postSolution
		SolutionGuid = {506957D6-3537-4AE3-A405-636B53E27902}
	EndGlobalSection
EndGlobal
